
Microsoft Visual Studio Solution File, Format Version 12.00
# Visual Studio Version 16
VisualStudioVersion = 16.0.31624.102
MinimumVisualStudioVersion = 10.0.40219.1
Project("{9A19103F-16F7-4668-BE54-9A1E7A4F7556}") = "Bot.Model", "Bot.Model\Bot.Model.csproj", "{D5C20A00-472F-44B9-A7FF-8AC6CAC17F17}"
EndProject
Project("{9A19103F-16F7-4668-BE54-9A1E7A4F7556}") = "Bot.Services", "Bot.Services\Bot.Services.csproj", "{EAB46729-A767-4F68-BBC5-AB1FD351F9CA}"
EndProject
Project("{9A19103F-16F7-4668-BE54-9A1E7A4F7556}") = "Bot.Console", "Bot.Console\Bot.Console.csproj", "{3BC95236-0B3E-4735-8AE6-E3AE9469E958}"
EndProject
Global
	GlobalSection(SolutionConfigurationPlatforms) = preSolution
		Debug|x64 = Debug|x64
		Release|x64 = Release|x64
	EndGlobalSection
	GlobalSection(ProjectConfigurationPlatforms) = postSolution
		{D5C20A00-472F-44B9-A7FF-8AC6CAC17F17}.Debug|x64.ActiveCfg = Debug|x64
		{D5C20A00-472F-44B9-A7FF-8AC6CAC17F17}.Debug|x64.Build.0 = Debug|x64
		{D5C20A00-472F-44B9-A7FF-8AC6CAC17F17}.Release|x64.ActiveCfg = Release|x64
		{D5C20A00-472F-44B9-A7FF-8AC6CAC17F17}.Release|x64.Build.0 = Release|x64
		{EAB46729-A767-4F68-BBC5-AB1FD351F9CA}.Debug|x64.ActiveCfg = Debug|x64
		{EAB46729-A767-4F68-BBC5-AB1FD351F9CA}.Debug|x64.Build.0 = Debug|x64
		{EAB46729-A767-4F68-BBC5-AB1FD351F9CA}.Release|x64.ActiveCfg = Release|x64
		{EAB46729-A767-4F68-BBC5-AB1FD351F9CA}.Release|x64.Build.0 = Release|x64
		{3BC95236-0B3E-4735-8AE6-E3AE9469E958}.Debug|x64.ActiveCfg = Debug|x64
		{3BC95236-0B3E-4735-8AE6-E3AE9469E958}.Debug|x64.Build.0 = Debug|x64
		{3BC95236-0B3E-4735-8AE6-E3AE9469E958}.Release|x64.ActiveCfg = Release|x64
		{3BC95236-0B3E-4735-8AE6-E3AE9469E958}.Release|x64.Build.0 = Release|x64
	EndGlobalSection
	GlobalSection(SolutionProperties) = preSolution
		HideSolutionNode = FALSE
	EndGlobalSection
	GlobalSection(ExtensibilityGlobals) = postSolution
		SolutionGuid = {2953F540-32DB-4322-8B6C-52B54B5BF896}
	EndGlobalSection
EndGlobal
